
Microsoft Visual Studio Solution File, Format Version 12.00
# Visual Studio 15
VisualStudioVersion = 15.0.27004.2002
MinimumVisualStudioVersion = 10.0.40219.1
Project("{D954291E-2A0B-460D-934E-DC6B0785DB48}") = "AlexLights", "AlexLights\AlexLights\AlexLights.shproj", "{A9A18380-B494-4F55-BBF1-C1FC0C37E23C}"
EndProject
Project("{FAE04EC0-301F-11D3-BF4B-00C04F79EFBC}") = "AlexLights.Android", "AlexLights\AlexLights.Android\AlexLights.Android.csproj", "{76A5F1A6-E245-41DF-A892-F70C7E5D624D}"
EndProject
Project("{FAE04EC0-301F-11D3-BF4B-00C04F79EFBC}") = "AlexLights.iOS", "AlexLights\AlexLights.iOS\AlexLights.iOS.csproj", "{D1B34B14-0124-45EC-8FDA-BEB25E27C688}"
EndProject
Project("{FAE04EC0-301F-11D3-BF4B-00C04F79EFBC}") = "AlexLights.UWP", "AlexLights\AlexLights.UWP\AlexLights.UWP.csproj", "{EE3FC9B2-F04D-4E8C-B674-95183E54F442}"
EndProject
Global
	GlobalSection(SharedMSBuildProjectFiles) = preSolution
		AlexLights\AlexLights\AlexLights.projitems*{76a5f1a6-e245-41df-a892-f70c7e5d624d}*SharedItemsImports = 4
		AlexLights\AlexLights\AlexLights.projitems*{a9a18380-b494-4f55-bbf1-c1fc0c37e23c}*SharedItemsImports = 13
		AlexLights\AlexLights\AlexLights.projitems*{d1b34b14-0124-45ec-8fda-beb25e27c688}*SharedItemsImports = 4
	EndGlobalSection
	GlobalSection(SolutionConfigurationPlatforms) = preSolution
		Ad-Hoc|Any CPU = Ad-Hoc|Any CPU
		Ad-Hoc|ARM = Ad-Hoc|ARM
		Ad-Hoc|iPhone = Ad-Hoc|iPhone
		Ad-Hoc|iPhoneSimulator = Ad-Hoc|iPhoneSimulator
		Ad-Hoc|x64 = Ad-Hoc|x64
		Ad-Hoc|x86 = Ad-Hoc|x86
		AppStore|Any CPU = AppStore|Any CPU
		AppStore|ARM = AppStore|ARM
		AppStore|iPhone = AppStore|iPhone
		AppStore|iPhoneSimulator = AppStore|iPhoneSimulator
		AppStore|x64 = AppStore|x64
		AppStore|x86 = AppStore|x86
		Debug|Any CPU = Debug|Any CPU
		Debug|ARM = Debug|ARM
		Debug|iPhone = Debug|iPhone
		Debug|iPhoneSimulator = Debug|iPhoneSimulator
		Debug|x64 = Debug|x64
		Debug|x86 = Debug|x86
		Release|Any CPU = Release|Any CPU
		Release|ARM = Release|ARM
		Release|iPhone = Release|iPhone
		Release|iPhoneSimulator = Release|iPhoneSimulator
		Release|x64 = Release|x64
		Release|x86 = Release|x86
	EndGlobalSection
	GlobalSection(ProjectConfigurationPlatforms) = postSolution
		{76A5F1A6-E245-41DF-A892-F70C7E5D624D}.Ad-Hoc|Any CPU.ActiveCfg = Release|Any CPU
		{76A5F1A6-E245-41DF-A892-F70C7E5D624D}.Ad-Hoc|Any CPU.Build.0 = Release|Any CPU
		{76A5F1A6-E245-41DF-A892-F70C7E5D624D}.Ad-Hoc|Any CPU.Deploy.0 = Release|Any CPU
		{76A5F1A6-E245-41DF-A892-F70C7E5D624D}.Ad-Hoc|ARM.ActiveCfg = Release|Any CPU
		{76A5F1A6-E245-41DF-A892-F70C7E5D624D}.Ad-Hoc|ARM.Build.0 = Release|Any CPU
		{76A5F1A6-E245-41DF-A892-F70C7E5D624D}.Ad-Hoc|ARM.Deploy.0 = Release|Any CPU
		{76A5F1A6-E245-41DF-A892-F70C7E5D624D}.Ad-Hoc|iPhone.ActiveCfg = Release|Any CPU
		{76A5F1A6-E245-41DF-A892-F70C7E5D624D}.Ad-Hoc|iPhone.Build.0 = Release|Any CPU
		{76A5F1A6-E245-41DF-A892-F70C7E5D624D}.Ad-Hoc|iPhone.Deploy.0 = Release|Any CPU
		{76A5F1A6-E245-41DF-A892-F70C7E5D624D}.Ad-Hoc|iPhoneSimulator.ActiveCfg = Release|Any CPU
		{76A5F1A6-E245-41DF-A892-F70C7E5D624D}.Ad-Hoc|iPhoneSimulator.Build.0 = Release|Any CPU
		{76A5F1A6-E245-41DF-A892-F70C7E5D624D}.Ad-Hoc|iPhoneSimulator.Deploy.0 = Release|Any CPU
		{76A5F1A6-E245-41DF-A892-F70C7E5D624D}.Ad-Hoc|x64.ActiveCfg = Release|Any CPU
		{76A5F1A6-E245-41DF-A892-F70C7E5D624D}.Ad-Hoc|x64.Build.0 = Release|Any CPU
		{76A5F1A6-E245-41DF-A892-F70C7E5D624D}.Ad-Hoc|x64.Deploy.0 = Release|Any CPU
		{76A5F1A6-E245-41DF-A892-F70C7E5D624D}.Ad-Hoc|x86.ActiveCfg = Release|Any CPU
		{76A5F1A6-E245-41DF-A892-F70C7E5D624D}.Ad-Hoc|x86.Build.0 = Release|Any CPU
		{76A5F1A6-E245-41DF-A892-F70C7E5D624D}.Ad-Hoc|x86.Deploy.0 = Release|Any CPU
		{76A5F1A6-E245-41DF-A892-F70C7E5D624D}.AppStore|Any CPU.ActiveCfg = Release|Any CPU
		{76A5F1A6-E245-41DF-A892-F70C7E5D624D}.AppStore|Any CPU.Build.0 = Release|Any CPU
		{76A5F1A6-E245-41DF-A892-F70C7E5D624D}.AppStore|Any CPU.Deploy.0 = Release|Any CPU
		{76A5F1A6-E245-41DF-A892-F70C7E5D624D}.AppStore|ARM.ActiveCfg = Release|Any CPU
		{76A5F1A6-E245-41DF-A892-F70C7E5D624D}.AppStore|ARM.Build.0 = Release|Any CPU
		{76A5F1A6-E245-41DF-A892-F70C7E5D624D}.AppStore|ARM.Deploy.0 = Release|Any CPU
		{76A5F1A6-E245-41DF-A892-F70C7E5D624D}.AppStore|iPhone.ActiveCfg = Release|Any CPU
		{76A5F1A6-E245-41DF-A892-F70C7E5D624D}.AppStore|iPhone.Build.0 = Release|Any CPU
		{76A5F1A6-E245-41DF-A892-F70C7E5D624D}.AppStore|iPhone.Deploy.0 = Release|Any CPU
		{76A5F1A6-E245-41DF-A892-F70C7E5D624D}.AppStore|iPhoneSimulator.ActiveCfg = Release|Any CPU
		{76A5F1A6-E245-41DF-A892-F70C7E5D624D}.AppStore|iPhoneSimulator.Build.0 = Release|Any CPU
		{76A5F1A6-E245-41DF-A892-F70C7E5D624D}.AppStore|iPhoneSimulator.Deploy.0 = Release|Any CPU
		{76A5F1A6-E245-41DF-A892-F70C7E5D624D}.AppStore|x64.ActiveCfg = Release|Any CPU
		{76A5F1A6-E245-41DF-A892-F70C7E5D624D}.AppStore|x64.Build.0 = Release|Any CPU
		{76A5F1A6-E245-41DF-A892-F70C7E5D624D}.AppStore|x64.Deploy.0 = Release|Any CPU
		{76A5F1A6-E245-41DF-A892-F70C7E5D624D}.AppStore|x86.ActiveCfg = Release|Any CPU
		{76A5F1A6-E245-41DF-A892-F70C7E5D624D}.AppStore|x86.Build.0 = Release|Any CPU
		{76A5F1A6-E245-41DF-A892-F70C7E5D624D}.AppStore|x86.Deploy.0 = Release|Any CPU
		{76A5F1A6-E245-41DF-A892-F70C7E5D624D}.Debug|Any CPU.ActiveCfg = Debug|Any CPU
		{76A5F1A6-E245-41DF-A892-F70C7E5D624D}.Debug|Any CPU.Build.0 = Debug|Any CPU
		{76A5F1A6-E245-41DF-A892-F70C7E5D624D}.Debug|Any CPU.Deploy.0 = Debug|Any CPU
		{76A5F1A6-E245-41DF-A892-F70C7E5D624D}.Debug|ARM.ActiveCfg = Debug|Any CPU
		{76A5F1A6-E245-41DF-A892-F70C7E5D624D}.Debug|ARM.Build.0 = Debug|Any CPU
		{76A5F1A6-E245-41DF-A892-F70C7E5D624D}.Debug|ARM.Deploy.0 = Debug|Any CPU
		{76A5F1A6-E245-41DF-A892-F70C7E5D624D}.Debug|iPhone.ActiveCfg = Debug|Any CPU
		{76A5F1A6-E245-41DF-A892-F70C7E5D624D}.Debug|iPhone.Build.0 = Debug|Any CPU
		{76A5F1A6-E245-41DF-A892-F70C7E5D624D}.Debug|iPhone.Deploy.0 = Debug|Any CPU
		{76A5F1A6-E245-41DF-A892-F70C7E5D624D}.Debug|iPhoneSimulator.ActiveCfg = Debug|Any CPU
		{76A5F1A6-E245-41DF-A892-F70C7E5D624D}.Debug|iPhoneSimulator.Build.0 = Debug|Any CPU
		{76A5F1A6-E245-41DF-A892-F70C7E5D624D}.Debug|iPhoneSimulator.Deploy.0 = Debug|Any CPU
		{76A5F1A6-E245-41DF-A892-F70C7E5D624D}.Debug|x64.ActiveCfg = Debug|Any CPU
		{76A5F1A6-E245-41DF-A892-F70C7E5D624D}.Debug|x64.Build.0 = Debug|Any CPU
		{76A5F1A6-E245-41DF-A892-F70C7E5D624D}.Debug|x64.Deploy.0 = Debug|Any CPU
		{76A5F1A6-E245-41DF-A892-F70C7E5D624D}.Debug|x86.ActiveCfg = Debug|Any CPU
		{76A5F1A6-E245-41DF-A892-F70C7E5D624D}.Debug|x86.Build.0 = Debug|Any CPU
		{76A5F1A6-E245-41DF-A892-F70C7E5D624D}.Debug|x86.Deploy.0 = Debug|Any CPU
		{76A5F1A6-E245-41DF-A892-F70C7E5D624D}.Release|Any CPU.ActiveCfg = Release|Any CPU
		{76A5F1A6-E245-41DF-A892-F70C7E5D624D}.Release|Any CPU.Build.0 = Release|Any CPU
		{76A5F1A6-E245-41DF-A892-F70C7E5D624D}.Release|Any CPU.Deploy.0 = Release|Any CPU
		{76A5F1A6-E245-41DF-A892-F70C7E5D624D}.Release|ARM.ActiveCfg = Release|Any CPU
		{76A5F1A6-E245-41DF-A892-F70C7E5D624D}.Release|ARM.Build.0 = Release|Any CPU
		{76A5F1A6-E245-41DF-A892-F70C7E5D624D}.Release|ARM.Deploy.0 = Release|Any CPU
		{76A5F1A6-E245-41DF-A892-F70C7E5D624D}.Release|iPhone.ActiveCfg = Release|Any CPU
		{76A5F1A6-E245-41DF-A892-F70C7E5D624D}.Release|iPhone.Build.0 = Release|Any CPU
		{76A5F1A6-E245-41DF-A892-F70C7E5D624D}.Release|iPhone.Deploy.0 = Release|Any CPU
		{76A5F1A6-E245-41DF-A892-F70C7E5D624D}.Release|iPhoneSimulator.ActiveCfg = Release|Any CPU
		{76A5F1A6-E245-41DF-A892-F70C7E5D624D}.Release|iPhoneSimulator.Build.0 = Release|Any CPU
		{76A5F1A6-E245-41DF-A892-F70C7E5D624D}.Release|iPhoneSimulator.Deploy.0 = Release|Any CPU
		{76A5F1A6-E245-41DF-A892-F70C7E5D624D}.Release|x64.ActiveCfg = Release|Any CPU
		{76A5F1A6-E245-41DF-A892-F70C7E5D624D}.Release|x64.Build.0 = Release|Any CPU
		{76A5F1A6-E245-41DF-A892-F70C7E5D624D}.Release|x64.Deploy.0 = Release|Any CPU
		{76A5F1A6-E245-41DF-A892-F70C7E5D624D}.Release|x86.ActiveCfg = Release|Any CPU
		{76A5F1A6-E245-41DF-A892-F70C7E5D624D}.Release|x86.Build.0 = Release|Any CPU
		{76A5F1A6-E245-41DF-A892-F70C7E5D624D}.Release|x86.Deploy.0 = Release|Any CPU
		{D1B34B14-0124-45EC-8FDA-BEB25E27C688}.Ad-Hoc|Any CPU.ActiveCfg = Ad-Hoc|iPhoneSimulator
		{D1B34B14-0124-45EC-8FDA-BEB25E27C688}.Ad-Hoc|ARM.ActiveCfg = Ad-Hoc|iPhone
		{D1B34B14-0124-45EC-8FDA-BEB25E27C688}.Ad-Hoc|iPhone.ActiveCfg = Ad-Hoc|iPhone
		{D1B34B14-0124-45EC-8FDA-BEB25E27C688}.Ad-Hoc|iPhone.Build.0 = Ad-Hoc|iPhone
		{D1B34B14-0124-45EC-8FDA-BEB25E27C688}.Ad-Hoc|iPhoneSimulator.ActiveCfg = Ad-Hoc|iPhoneSimulator
		{D1B34B14-0124-45EC-8FDA-BEB25E27C688}.Ad-Hoc|iPhoneSimulator.Build.0 = Ad-Hoc|iPhoneSimulator
		{D1B34B14-0124-45EC-8FDA-BEB25E27C688}.Ad-Hoc|x64.ActiveCfg = Ad-Hoc|iPhone
		{D1B34B14-0124-45EC-8FDA-BEB25E27C688}.Ad-Hoc|x86.ActiveCfg = Ad-Hoc|iPhone
		{D1B34B14-0124-45EC-8FDA-BEB25E27C688}.AppStore|Any CPU.ActiveCfg = AppStore|iPhoneSimulator
		{D1B34B14-0124-45EC-8FDA-BEB25E27C688}.AppStore|ARM.ActiveCfg = AppStore|iPhone
		{D1B34B14-0124-45EC-8FDA-BEB25E27C688}.AppStore|iPhone.ActiveCfg = AppStore|iPhone
		{D1B34B14-0124-45EC-8FDA-BEB25E27C688}.AppStore|iPhone.Build.0 = AppStore|iPhone
		{D1B34B14-0124-45EC-8FDA-BEB25E27C688}.AppStore|iPhoneSimulator.ActiveCfg = AppStore|iPhoneSimulator
		{D1B34B14-0124-45EC-8FDA-BEB25E27C688}.AppStore|iPhoneSimulator.Build.0 = AppStore|iPhoneSimulator
		{D1B34B14-0124-45EC-8FDA-BEB25E27C688}.AppStore|x64.ActiveCfg = AppStore|iPhone
		{D1B34B14-0124-45EC-8FDA-BEB25E27C688}.AppStore|x86.ActiveCfg = AppStore|iPhone
		{D1B34B14-0124-45EC-8FDA-BEB25E27C688}.Debug|Any CPU.ActiveCfg = Debug|iPhoneSimulator
		{D1B34B14-0124-45EC-8FDA-BEB25E27C688}.Debug|ARM.ActiveCfg = Debug|iPhone
		{D1B34B14-0124-45EC-8FDA-BEB25E27C688}.Debug|iPhone.ActiveCfg = Debug|iPhone
		{D1B34B14-0124-45EC-8FDA-BEB25E27C688}.Debug|iPhone.Build.0 = Debug|iPhone
		{D1B34B14-0124-45EC-8FDA-BEB25E27C688}.Debug|iPhoneSimulator.ActiveCfg = Debug|iPhoneSimulator
		{D1B34B14-0124-45EC-8FDA-BEB25E27C688}.Debug|iPhoneSimulator.Build.0 = Debug|iPhoneSimulator
		{D1B34B14-0124-45EC-8FDA-BEB25E27C688}.Debug|x64.ActiveCfg = Debug|iPhone
		{D1B34B14-0124-45EC-8FDA-BEB25E27C688}.Debug|x86.ActiveCfg = Debug|iPhone
		{D1B34B14-0124-45EC-8FDA-BEB25E27C688}.Release|Any CPU.ActiveCfg = Release|iPhoneSimulator
		{D1B34B14-0124-45EC-8FDA-BEB25E27C688}.Release|ARM.ActiveCfg = Release|iPhone
		{D1B34B14-0124-45EC-8FDA-BEB25E27C688}.Release|iPhone.ActiveCfg = Release|iPhone
		{D1B34B14-0124-45EC-8FDA-BEB25E27C688}.Release|iPhone.Build.0 = Release|iPhone
		{D1B34B14-0124-45EC-8FDA-BEB25E27C688}.Release|iPhoneSimulator.ActiveCfg = Release|iPhoneSimulator
		{D1B34B14-0124-45EC-8FDA-BEB25E27C688}.Release|iPhoneSimulator.Build.0 = Release|iPhoneSimulator
		{D1B34B14-0124-45EC-8FDA-BEB25E27C688}.Release|x64.ActiveCfg = Release|iPhone
		{D1B34B14-0124-45EC-8FDA-BEB25E27C688}.Release|x86.ActiveCfg = Release|iPhone
		{EE3FC9B2-F04D-4E8C-B674-95183E54F442}.Ad-Hoc|Any CPU.ActiveCfg = Release|x86
		{EE3FC9B2-F04D-4E8C-B674-95183E54F442}.Ad-Hoc|Any CPU.Build.0 = Release|x86
		{EE3FC9B2-F04D-4E8C-B674-95183E54F442}.Ad-Hoc|Any CPU.Deploy.0 = Release|x86
		{EE3FC9B2-F04D-4E8C-B674-95183E54F442}.Ad-Hoc|ARM.ActiveCfg = Release|ARM
		{EE3FC9B2-F04D-4E8C-B674-95183E54F442}.Ad-Hoc|ARM.Build.0 = Release|ARM
		{EE3FC9B2-F04D-4E8C-B674-95183E54F442}.Ad-Hoc|ARM.Deploy.0 = Release|ARM
		{EE3FC9B2-F04D-4E8C-B674-95183E54F442}.Ad-Hoc|iPhone.ActiveCfg = Release|x86
		{EE3FC9B2-F04D-4E8C-B674-95183E54F442}.Ad-Hoc|iPhone.Build.0 = Release|x86
		{EE3FC9B2-F04D-4E8C-B674-95183E54F442}.Ad-Hoc|iPhone.Deploy.0 = Release|x86
		{EE3FC9B2-F04D-4E8C-B674-95183E54F442}.Ad-Hoc|iPhoneSimulator.ActiveCfg = Release|x86
		{EE3FC9B2-F04D-4E8C-B674-95183E54F442}.Ad-Hoc|iPhoneSimulator.Build.0 = Release|x86
		{EE3FC9B2-F04D-4E8C-B674-95183E54F442}.Ad-Hoc|iPhoneSimulator.Deploy.0 = Release|x86
		{EE3FC9B2-F04D-4E8C-B674-95183E54F442}.Ad-Hoc|x64.ActiveCfg = Release|x64
		{EE3FC9B2-F04D-4E8C-B674-95183E54F442}.Ad-Hoc|x64.Build.0 = Release|x64
		{EE3FC9B2-F04D-4E8C-B674-95183E54F442}.Ad-Hoc|x64.Deploy.0 = Release|x64
		{EE3FC9B2-F04D-4E8C-B674-95183E54F442}.Ad-Hoc|x86.ActiveCfg = Release|x86
		{EE3FC9B2-F04D-4E8C-B674-95183E54F442}.Ad-Hoc|x86.Build.0 = Release|x86
		{EE3FC9B2-F04D-4E8C-B674-95183E54F442}.Ad-Hoc|x86.Deploy.0 = Release|x86
		{EE3FC9B2-F04D-4E8C-B674-95183E54F442}.AppStore|Any CPU.ActiveCfg = Release|x86
		{EE3FC9B2-F04D-4E8C-B674-95183E54F442}.AppStore|Any CPU.Build.0 = Release|x86
		{EE3FC9B2-F04D-4E8C-B674-95183E54F442}.AppStore|Any CPU.Deploy.0 = Release|x86
		{EE3FC9B2-F04D-4E8C-B674-95183E54F442}.AppStore|ARM.ActiveCfg = Release|ARM
		{EE3FC9B2-F04D-4E8C-B674-95183E54F442}.AppStore|ARM.Build.0 = Release|ARM
		{EE3FC9B2-F04D-4E8C-B674-95183E54F442}.AppStore|ARM.Deploy.0 = Release|ARM
		{EE3FC9B2-F04D-4E8C-B674-95183E54F442}.AppStore|iPhone.ActiveCfg = Release|x86
		{EE3FC9B2-F04D-4E8C-B674-95183E54F442}.AppStore|iPhone.Build.0 = Release|x86
		{EE3FC9B2-F04D-4E8C-B674-95183E54F442}.AppStore|iPhone.Deploy.0 = Release|x86
		{EE3FC9B2-F04D-4E8C-B674-95183E54F442}.AppStore|iPhoneSimulator.ActiveCfg = Release|x86
		{EE3FC9B2-F04D-4E8C-B674-95183E54F442}.AppStore|iPhoneSimulator.Build.0 = Release|x86
		{EE3FC9B2-F04D-4E8C-B674-95183E54F442}.AppStore|iPhoneSimulator.Deploy.0 = Release|x86
		{EE3FC9B2-F04D-4E8C-B674-95183E54F442}.AppStore|x64.ActiveCfg = Release|x64
		{EE3FC9B2-F04D-4E8C-B674-95183E54F442}.AppStore|x64.Build.0 = Release|x64
		{EE3FC9B2-F04D-4E8C-B674-95183E54F442}.AppStore|x64.Deploy.0 = Release|x64
		{EE3FC9B2-F04D-4E8C-B674-95183E54F442}.AppStore|x86.ActiveCfg = Release|x86
		{EE3FC9B2-F04D-4E8C-B674-95183E54F442}.AppStore|x86.Build.0 = Release|x86
		{EE3FC9B2-F04D-4E8C-B674-95183E54F442}.AppStore|x86.Deploy.0 = Release|x86
		{EE3FC9B2-F04D-4E8C-B674-95183E54F442}.Debug|Any CPU.ActiveCfg = Debug|x86
		{EE3FC9B2-F04D-4E8C-B674-95183E54F442}.Debug|ARM.ActiveCfg = Debug|ARM
		{EE3FC9B2-F04D-4E8C-B674-95183E54F442}.Debug|ARM.Build.0 = Debug|ARM
		{EE3FC9B2-F04D-4E8C-B674-95183E54F442}.Debug|ARM.Deploy.0 = Debug|ARM
		{EE3FC9B2-F04D-4E8C-B674-95183E54F442}.Debug|iPhone.ActiveCfg = Debug|x86
		{EE3FC9B2-F04D-4E8C-B674-95183E54F442}.Debug|iPhoneSimulator.ActiveCfg = Debug|x86
		{EE3FC9B2-F04D-4E8C-B674-95183E54F442}.Debug|x64.ActiveCfg = Debug|x64
		{EE3FC9B2-F04D-4E8C-B674-95183E54F442}.Debug|x64.Build.0 = Debug|x64
		{EE3FC9B2-F04D-4E8C-B674-95183E54F442}.Debug|x64.Deploy.0 = Debug|x64
		{EE3FC9B2-F04D-4E8C-B674-95183E54F442}.Debug|x86.ActiveCfg = Debug|x86
		{EE3FC9B2-F04D-4E8C-B674-95183E54F442}.Debug|x86.Build.0 = Debug|x86
		{EE3FC9B2-F04D-4E8C-B674-95183E54F442}.Debug|x86.Deploy.0 = Debug|x86
		{EE3FC9B2-F04D-4E8C-B674-95183E54F442}.Release|Any CPU.ActiveCfg = Release|x86
		{EE3FC9B2-F04D-4E8C-B674-95183E54F442}.Release|ARM.ActiveCfg = Release|ARM
		{EE3FC9B2-F04D-4E8C-B674-95183E54F442}.Release|ARM.Build.0 = Release|ARM
		{EE3FC9B2-F04D-4E8C-B674-95183E54F442}.Release|ARM.Deploy.0 = Release|ARM
		{EE3FC9B2-F04D-4E8C-B674-95183E54F442}.Release|iPhone.ActiveCfg = Release|x86
		{EE3FC9B2-F04D-4E8C-B674-95183E54F442}.Release|iPhoneSimulator.ActiveCfg = Release|x86
		{EE3FC9B2-F04D-4E8C-B674-95183E54F442}.Release|x64.ActiveCfg = Release|x64
		{EE3FC9B2-F04D-4E8C-B674-95183E54F442}.Release|x64.Build.0 = Release|x64
		{EE3FC9B2-F04D-4E8C-B674-95183E54F442}.Release|x64.Deploy.0 = Release|x64
		{EE3FC9B2-F04D-4E8C-B674-95183E54F442}.Release|x86.ActiveCfg = Release|x86
		{EE3FC9B2-F04D-4E8C-B674-95183E54F442}.Release|x86.Build.0 = Release|x86
		{EE3FC9B2-F04D-4E8C-B674-95183E54F442}.Release|x86.Deploy.0 = Release|x86
	EndGlobalSection
	GlobalSection(SolutionProperties) = preSolution
		HideSolutionNode = FALSE
	EndGlobalSection
	GlobalSection(ExtensibilityGlobals) = postSolution
		SolutionGuid = {481C6530-CA42-4F65-8783-0EDA0574E1A4}
	EndGlobalSection
EndGlobal
